<?xml version="1.0" encoding="utf-8"?>
<Project ToolsVersion="4.0" xmlns="http://schemas.microsoft.com/developer/msbuild/2003">
  <ItemGroup>
    <Filter Include="Source Files">
      <UniqueIdentifier>{4FC737F1-C7A5-4376-A066-2A32D752A2FF}</UniqueIdentifier>
      <Extensions>cpp;c;cc;cxx;def;odl;idl;hpj;bat;asm;asmx</Extensions>
    </Filter>
    <Filter Include="Header Files">
      <UniqueIdentifier>{93995380-89BD-4b04-88EB-625FBE52EBFB}</UniqueIdentifier>
      <Extensions>h;hh;hpp;hxx;hm;inl;inc;xsd</Extensions>
    </Filter>
    <Filter Include="Resource Files">
      <UniqueIdentifier>{67DA6AB6-F800-4c08-8B7A-83BB121AAD01}</UniqueIdentifier>
      <Extensions>rc;ico;cur;bmp;dlg;rc2;rct;bin;rgs;gif;jpg;jpeg;jpe;resx;tiff;tif;png;wav;mfcribbon-ms</Extensions>
    </Filter>
    <Filter Include="Source Files\Adapters">
      <UniqueIdentifier>{3524bf36-1d0b-46dc-ada9-78d0803fe1ec}</UniqueIdentifier>
    </Filter>
    <Filter Include="Source Files\Adapters\Serial">
      <UniqueIdentifier>{611fd0c7-a77f-4116-bf8a-c41bded6d8a3}</UniqueIdentifier>
    </Filter>
    <Filter Include="Source Files\Adapters\CoreDeviceHealth">
      <UniqueIdentifier>{28fe5595-e94e-4bac-ac50-03299b219cd8}</UniqueIdentifier>
    </Filter>
    <Filter Include="Source Files\inc">
      <UniqueIdentifier>{92a538f9-7056-4277-a567-906bc28ce6a8}</UniqueIdentifier>
    </Filter>
    <Filter Include="Source Files\Adapters\Camera">
      <UniqueIdentifier>{83239274-3c8a-4c29-a27a-4d7aafc2f2e3}</UniqueIdentifier>
    </Filter>
  </ItemGroup>
  <ItemGroup>
    <Text Include="ReadMe.txt" />
  </ItemGroup>
  <ItemGroup>
    <ClInclude Include="targetver.h">
      <Filter>Header Files</Filter>
    </ClInclude>
    <ClInclude Include="DiscoveryManager.h">
      <Filter>Source Files\inc</Filter>
    </ClInclude>
    <ClInclude Include="PnpAdapterInterface.h">
      <Filter>Source Files\inc</Filter>
    </ClInclude>
    <ClInclude Include="PnpAdapterManager.h">
      <Filter>Source Files\inc</Filter>
    </ClInclude>
    <ClInclude Include="common.h">
      <Filter>Source Files\inc</Filter>
    </ClInclude>
    <ClInclude Include="ConfigurationParser.h">
      <Filter>Source Files\inc</Filter>
    </ClInclude>
    <ClInclude Include="DiscoveryAdapterInterface.h">
      <Filter>Source Files\inc</Filter>
    </ClInclude>
    <ClInclude Include="Adapters\CoreDeviceHealth\WindowsPnpDeviceDiscovery.h">
      <Filter>Source Files\Adapters\CoreDeviceHealth</Filter>
    </ClInclude>
    <ClInclude Include="PnpBridgeCommon.h">
      <Filter>Source Files\inc</Filter>
    </ClInclude>
    <ClInclude Include="PnpBridge.h">
      <Filter>Source Files\inc</Filter>
    </ClInclude>
    <ClInclude Include="Adapters\CoreDeviceHealth\CoreDeviceHealth.h">
      <Filter>Source Files\Adapters\CoreDeviceHealth</Filter>
    </ClInclude>
    <ClInclude Include="Adapters\Camera\CameraIotPnpDevice.h">
      <Filter>Source Files\Adapters\Camera</Filter>
    </ClInclude>
    <ClInclude Include="Adapters\Camera\CameraPnpDiscovery.h">
      <Filter>Source Files\Adapters\Camera</Filter>
    </ClInclude>
    <ClInclude Include="Adapters\Camera\CameraStatConsumer.h">
      <Filter>Source Files\Adapters\Camera</Filter>
    </ClInclude>
    <ClInclude Include="Adapters\Camera\iot_pnp_apis.h">
      <Filter>Source Files\Adapters\Camera</Filter>
    </ClInclude>
    <ClInclude Include="Adapters\Camera\pch.h">
      <Filter>Source Files\Adapters\Camera</Filter>
    </ClInclude>
  </ItemGroup>
  <ItemGroup>
    <ClCompile Include="PnpBridge.c">
      <Filter>Source Files</Filter>
    </ClCompile>
    <ClCompile Include="utility.c">
      <Filter>Source Files</Filter>
    </ClCompile>
    <ClCompile Include="PnpBridgeService.c">
      <Filter>Source Files</Filter>
    </ClCompile>
    <ClCompile Include="Adapters\CoreDeviceHealth\WindowsPnPDeviceDiscovery.c">
      <Filter>Source Files\Adapters\CoreDeviceHealth</Filter>
    </ClCompile>
    <ClCompile Include="PnpAdapterManger.c">
      <Filter>Source Files</Filter>
    </ClCompile>
    <ClCompile Include="DiscoveryManager.c">
      <Filter>Source Files</Filter>
    </ClCompile>
    <ClCompile Include="ConfigurationParser.c">
      <Filter>Source Files</Filter>
    </ClCompile>
    <ClCompile Include="Adapters\Serial\SerialDevice.c">
      <Filter>Source Files\Adapters\Serial</Filter>
    </ClCompile>
    <ClCompile Include="Adapters\CoreDeviceHealth\CoreDeviceHealth.c">
      <Filter>Source Files\Adapters\CoreDeviceHealth</Filter>
    </ClCompile>
    <ClCompile Include="Adapters\Camera\CameraIotPnpDevice.cpp">
      <Filter>Source Files\Adapters\Camera</Filter>
    </ClCompile>
    <ClCompile Include="Adapters\Camera\CameraPnpDiscovery.cpp">
      <Filter>Source Files\Adapters\Camera</Filter>
    </ClCompile>
    <ClCompile Include="Adapters\Camera\CameraStatConsumer.cpp">
      <Filter>Source Files\Adapters\Camera</Filter>
    </ClCompile>
    <ClCompile Include="Adapters\Camera\iot_pnp_apis.cpp">
      <Filter>Source Files\Adapters\Camera</Filter>
    </ClCompile>
  </ItemGroup>
  <ItemGroup>
    <None Include="config.json" />
  </ItemGroup>
</Project>